
Microsoft Visual Studio Solution File, Format Version 12.00
# Visual Studio 2012
Project("{FAE04EC0-301F-11D3-BF4B-00C04F79EFBC}") = "WorkLogForm", "WorkLogForm\WorkLogForm.csproj", "{3905A73B-D409-4D26-82F1-BA57D533085A}"
EndProject
Project("{FAE04EC0-301F-11D3-BF4B-00C04F79EFBC}") = "ClassLibrary", "ClassLibrary\ClassLibrary.csproj", "{EB82119B-0737-4A23-A13E-D702690A347E}"
EndProject
Project("{FAE04EC0-301F-11D3-BF4B-00C04F79EFBC}") = "WinHtmlEditor", "WinHtmlEditor\WinHtmlEditor.csproj", "{1D1EF0A4-1D49-4D42-9295-E3B28359389A}"
EndProject
Project("{FAE04EC0-301F-11D3-BF4B-00C04F79EFBC}") = "OnLineUpdate", "OnLineUpdate\OnLineUpdate.csproj", "{C0283241-07EA-447F-8CCC-7AA14F67C494}"
EndProject
Project("{6141683F-8A12-4E36-9623-2EB02B2C2303}") = "Setup", "Setup\Setup.isproj", "{380322A4-0408-435E-BA8D-C1A6E9F06E1D}"
	ProjectSection(ProjectDependencies) = postProject
		{3905A73B-D409-4D26-82F1-BA57D533085A} = {3905A73B-D409-4D26-82F1-BA57D533085A}
		{C0283241-07EA-447F-8CCC-7AA14F67C494} = {C0283241-07EA-447F-8CCC-7AA14F67C494}
		{EB82119B-0737-4A23-A13E-D702690A347E} = {EB82119B-0737-4A23-A13E-D702690A347E}
		{1D1EF0A4-1D49-4D42-9295-E3B28359389A} = {1D1EF0A4-1D49-4D42-9295-E3B28359389A}
	EndProjectSection
EndProject
Project("{FAE04EC0-301F-11D3-BF4B-00C04F79EFBC}") = "ChattingCtrl", "ChattingCtrl\ChattingCtrl.csproj", "{94288E94-B44E-4644-BCA6-68FE4CBDDFD5}"
EndProject
Project("{FAE04EC0-301F-11D3-BF4B-00C04F79EFBC}") = "SkinForm", "SkinForm\SkinForm.csproj", "{7F988DDA-955F-42F2-82EB-D6058FB7FF75}"
EndProject
Global
	GlobalSection(SubversionScc) = preSolution
		Svn-Managed = True
		Manager = AnkhSVN - Subversion Support for Visual Studio
	EndGlobalSection
	GlobalSection(SolutionConfigurationPlatforms) = preSolution
		CD_ROM|Any CPU = CD_ROM|Any CPU
		CD_ROM|Mixed Platforms = CD_ROM|Mixed Platforms
		CD_ROM|x86 = CD_ROM|x86
		Debug_VS2010|Any CPU = Debug_VS2010|Any CPU
		Debug_VS2010|Mixed Platforms = Debug_VS2010|Mixed Platforms
		Debug_VS2010|x86 = Debug_VS2010|x86
		Debug|Any CPU = Debug|Any CPU
		Debug|Mixed Platforms = Debug|Mixed Platforms
		Debug|x86 = Debug|x86
		DVD-5|Any CPU = DVD-5|Any CPU
		DVD-5|Mixed Platforms = DVD-5|Mixed Platforms
		DVD-5|x86 = DVD-5|x86
		Release_VS2010|Any CPU = Release_VS2010|Any CPU
		Release_VS2010|Mixed Platforms = Release_VS2010|Mixed Platforms
		Release_VS2010|x86 = Release_VS2010|x86
		Release|Any CPU = Release|Any CPU
		Release|Mixed Platforms = Release|Mixed Platforms
		Release|x86 = Release|x86
		SingleImage|Any CPU = SingleImage|Any CPU
		SingleImage|Mixed Platforms = SingleImage|Mixed Platforms
		SingleImage|x86 = SingleImage|x86
	EndGlobalSection
	GlobalSection(ProjectConfigurationPlatforms) = postSolution
		{3905A73B-D409-4D26-82F1-BA57D533085A}.CD_ROM|Any CPU.ActiveCfg = Release|x86
		{3905A73B-D409-4D26-82F1-BA57D533085A}.CD_ROM|Mixed Platforms.ActiveCfg = Release|x86
		{3905A73B-D409-4D26-82F1-BA57D533085A}.CD_ROM|Mixed Platforms.Build.0 = Release|x86
		{3905A73B-D409-4D26-82F1-BA57D533085A}.CD_ROM|x86.ActiveCfg = Release|x86
		{3905A73B-D409-4D26-82F1-BA57D533085A}.CD_ROM|x86.Build.0 = Release|x86
		{3905A73B-D409-4D26-82F1-BA57D533085A}.Debug_VS2010|Any CPU.ActiveCfg = Debug|x86
		{3905A73B-D409-4D26-82F1-BA57D533085A}.Debug_VS2010|Mixed Platforms.ActiveCfg = Debug|x86
		{3905A73B-D409-4D26-82F1-BA57D533085A}.Debug_VS2010|Mixed Platforms.Build.0 = Debug|x86
		{3905A73B-D409-4D26-82F1-BA57D533085A}.Debug_VS2010|x86.ActiveCfg = Debug|x86
		{3905A73B-D409-4D26-82F1-BA57D533085A}.Debug_VS2010|x86.Build.0 = Debug|x86
		{3905A73B-D409-4D26-82F1-BA57D533085A}.Debug|Any CPU.ActiveCfg = Debug|x86
		{3905A73B-D409-4D26-82F1-BA57D533085A}.Debug|Mixed Platforms.ActiveCfg = Debug|x86
		{3905A73B-D409-4D26-82F1-BA57D533085A}.Debug|Mixed Platforms.Build.0 = Debug|x86
		{3905A73B-D409-4D26-82F1-BA57D533085A}.Debug|x86.ActiveCfg = Debug|x86
		{3905A73B-D409-4D26-82F1-BA57D533085A}.Debug|x86.Build.0 = Debug|x86
		{3905A73B-D409-4D26-82F1-BA57D533085A}.DVD-5|Any CPU.ActiveCfg = Debug|x86
		{3905A73B-D409-4D26-82F1-BA57D533085A}.DVD-5|Mixed Platforms.ActiveCfg = Debug|x86
		{3905A73B-D409-4D26-82F1-BA57D533085A}.DVD-5|Mixed Platforms.Build.0 = Debug|x86
		{3905A73B-D409-4D26-82F1-BA57D533085A}.DVD-5|x86.ActiveCfg = Debug|x86
		{3905A73B-D409-4D26-82F1-BA57D533085A}.DVD-5|x86.Build.0 = Debug|x86
		{3905A73B-D409-4D26-82F1-BA57D533085A}.Release_VS2010|Any CPU.ActiveCfg = Release|x86
		{3905A73B-D409-4D26-82F1-BA57D533085A}.Release_VS2010|Mixed Platforms.ActiveCfg = Release|x86
		{3905A73B-D409-4D26-82F1-BA57D533085A}.Release_VS2010|Mixed Platforms.Build.0 = Release|x86
		{3905A73B-D409-4D26-82F1-BA57D533085A}.Release_VS2010|x86.ActiveCfg = Release|x86
		{3905A73B-D409-4D26-82F1-BA57D533085A}.Release_VS2010|x86.Build.0 = Release|x86
		{3905A73B-D409-4D26-82F1-BA57D533085A}.Release|Any CPU.ActiveCfg = Release|x86
		{3905A73B-D409-4D26-82F1-BA57D533085A}.Release|Mixed Platforms.ActiveCfg = Release|x86
		{3905A73B-D409-4D26-82F1-BA57D533085A}.Release|Mixed Platforms.Build.0 = Release|x86
		{3905A73B-D409-4D26-82F1-BA57D533085A}.Release|x86.ActiveCfg = Release|x86
		{3905A73B-D409-4D26-82F1-BA57D533085A}.Release|x86.Build.0 = Release|x86
		{3905A73B-D409-4D26-82F1-BA57D533085A}.SingleImage|Any CPU.ActiveCfg = Release|x86
		{3905A73B-D409-4D26-82F1-BA57D533085A}.SingleImage|Mixed Platforms.ActiveCfg = Release|x86
		{3905A73B-D409-4D26-82F1-BA57D533085A}.SingleImage|Mixed Platforms.Build.0 = Release|x86
		{3905A73B-D409-4D26-82F1-BA57D533085A}.SingleImage|x86.ActiveCfg = Release|x86
		{3905A73B-D409-4D26-82F1-BA57D533085A}.SingleImage|x86.Build.0 = Release|x86
		{EB82119B-0737-4A23-A13E-D702690A347E}.CD_ROM|Any CPU.ActiveCfg = Release|Any CPU
		{EB82119B-0737-4A23-A13E-D702690A347E}.CD_ROM|Any CPU.Build.0 = Release|Any CPU
		{EB82119B-0737-4A23-A13E-D702690A347E}.CD_ROM|Mixed Platforms.ActiveCfg = Release|Any CPU
		{EB82119B-0737-4A23-A13E-D702690A347E}.CD_ROM|Mixed Platforms.Build.0 = Release|Any CPU
		{EB82119B-0737-4A23-A13E-D702690A347E}.CD_ROM|x86.ActiveCfg = Release|Any CPU
		{EB82119B-0737-4A23-A13E-D702690A347E}.Debug_VS2010|Any CPU.ActiveCfg = Debug|Any CPU
		{EB82119B-0737-4A23-A13E-D702690A347E}.Debug_VS2010|Any CPU.Build.0 = Debug|Any CPU
		{EB82119B-0737-4A23-A13E-D702690A347E}.Debug_VS2010|Mixed Platforms.ActiveCfg = Debug|Any CPU
		{EB82119B-0737-4A23-A13E-D702690A347E}.Debug_VS2010|Mixed Platforms.Build.0 = Debug|Any CPU
		{EB82119B-0737-4A23-A13E-D702690A347E}.Debug_VS2010|x86.ActiveCfg = Debug|Any CPU
		{EB82119B-0737-4A23-A13E-D702690A347E}.Debug|Any CPU.ActiveCfg = Debug|Any CPU
		{EB82119B-0737-4A23-A13E-D702690A347E}.Debug|Any CPU.Build.0 = Debug|Any CPU
		{EB82119B-0737-4A23-A13E-D702690A347E}.Debug|Mixed Platforms.ActiveCfg = Debug|Any CPU
		{EB82119B-0737-4A23-A13E-D702690A347E}.Debug|Mixed Platforms.Build.0 = Debug|Any CPU
		{EB82119B-0737-4A23-A13E-D702690A347E}.Debug|x86.ActiveCfg = Debug|Any CPU
		{EB82119B-0737-4A23-A13E-D702690A347E}.DVD-5|Any CPU.ActiveCfg = Debug|Any CPU
		{EB82119B-0737-4A23-A13E-D702690A347E}.DVD-5|Any CPU.Build.0 = Debug|Any CPU
		{EB82119B-0737-4A23-A13E-D702690A347E}.DVD-5|Mixed Platforms.ActiveCfg = Debug|Any CPU
		{EB82119B-0737-4A23-A13E-D702690A347E}.DVD-5|Mixed Platforms.Build.0 = Debug|Any CPU
		{EB82119B-0737-4A23-A13E-D702690A347E}.DVD-5|x86.ActiveCfg = Debug|Any CPU
		{EB82119B-0737-4A23-A13E-D702690A347E}.Release_VS2010|Any CPU.ActiveCfg = Release|Any CPU
		{EB82119B-0737-4A23-A13E-D702690A347E}.Release_VS2010|Any CPU.Build.0 = Release|Any CPU
		{EB82119B-0737-4A23-A13E-D702690A347E}.Release_VS2010|Mixed Platforms.ActiveCfg = Release|Any CPU
		{EB82119B-0737-4A23-A13E-D702690A347E}.Release_VS2010|Mixed Platforms.Build.0 = Release|Any CPU
		{EB82119B-0737-4A23-A13E-D702690A347E}.Release_VS2010|x86.ActiveCfg = Release|Any CPU
		{EB82119B-0737-4A23-A13E-D702690A347E}.Release|Any CPU.ActiveCfg = Release|Any CPU
		{EB82119B-0737-4A23-A13E-D702690A347E}.Release|Any CPU.Build.0 = Release|Any CPU
		{EB82119B-0737-4A23-A13E-D702690A347E}.Release|Mixed Platforms.ActiveCfg = Release|Any CPU
		{EB82119B-0737-4A23-A13E-D702690A347E}.Release|Mixed Platforms.Build.0 = Release|Any CPU
		{EB82119B-0737-4A23-A13E-D702690A347E}.Release|x86.ActiveCfg = Release|Any CPU
		{EB82119B-0737-4A23-A13E-D702690A347E}.SingleImage|Any CPU.ActiveCfg = Release|Any CPU
		{EB82119B-0737-4A23-A13E-D702690A347E}.SingleImage|Any CPU.Build.0 = Release|Any CPU
		{EB82119B-0737-4A23-A13E-D702690A347E}.SingleImage|Mixed Platforms.ActiveCfg = Release|Any CPU
		{EB82119B-0737-4A23-A13E-D702690A347E}.SingleImage|Mixed Platforms.Build.0 = Release|Any CPU
		{EB82119B-0737-4A23-A13E-D702690A347E}.SingleImage|x86.ActiveCfg = Release|Any CPU
		{1D1EF0A4-1D49-4D42-9295-E3B28359389A}.CD_ROM|Any CPU.ActiveCfg = Release|Any CPU
		{1D1EF0A4-1D49-4D42-9295-E3B28359389A}.CD_ROM|Any CPU.Build.0 = Release|Any CPU
		{1D1EF0A4-1D49-4D42-9295-E3B28359389A}.CD_ROM|Mixed Platforms.ActiveCfg = Release|Any CPU
		{1D1EF0A4-1D49-4D42-9295-E3B28359389A}.CD_ROM|Mixed Platforms.Build.0 = Release|Any CPU
		{1D1EF0A4-1D49-4D42-9295-E3B28359389A}.CD_ROM|x86.ActiveCfg = Release|Any CPU
		{1D1EF0A4-1D49-4D42-9295-E3B28359389A}.Debug_VS2010|Any CPU.ActiveCfg = Debug_VS2010|Any CPU
		{1D1EF0A4-1D49-4D42-9295-E3B28359389A}.Debug_VS2010|Any CPU.Build.0 = Debug_VS2010|Any CPU
		{1D1EF0A4-1D49-4D42-9295-E3B28359389A}.Debug_VS2010|Mixed Platforms.ActiveCfg = Debug_VS2010|Any CPU
		{1D1EF0A4-1D49-4D42-9295-E3B28359389A}.Debug_VS2010|Mixed Platforms.Build.0 = Debug_VS2010|Any CPU
		{1D1EF0A4-1D49-4D42-9295-E3B28359389A}.Debug_VS2010|x86.ActiveCfg = Debug_VS2010|Any CPU
		{1D1EF0A4-1D49-4D42-9295-E3B28359389A}.Debug|Any CPU.ActiveCfg = Debug|Any CPU
		{1D1EF0A4-1D49-4D42-9295-E3B28359389A}.Debug|Any CPU.Build.0 = Debug|Any CPU
		{1D1EF0A4-1D49-4D42-9295-E3B28359389A}.Debug|Mixed Platforms.ActiveCfg = Debug|Any CPU
		{1D1EF0A4-1D49-4D42-9295-E3B28359389A}.Debug|Mixed Platforms.Build.0 = Debug|Any CPU
		{1D1EF0A4-1D49-4D42-9295-E3B28359389A}.Debug|x86.ActiveCfg = Debug|Any CPU
		{1D1EF0A4-1D49-4D42-9295-E3B28359389A}.DVD-5|Any CPU.ActiveCfg = Debug|Any CPU
		{1D1EF0A4-1D49-4D42-9295-E3B28359389A}.DVD-5|Any CPU.Build.0 = Debug|Any CPU
		{1D1EF0A4-1D49-4D42-9295-E3B28359389A}.DVD-5|Mixed Platforms.ActiveCfg = Debug|Any CPU
		{1D1EF0A4-1D49-4D42-9295-E3B28359389A}.DVD-5|Mixed Platforms.Build.0 = Debug|Any CPU
		{1D1EF0A4-1D49-4D42-9295-E3B28359389A}.DVD-5|x86.ActiveCfg = Debug|Any CPU
		{1D1EF0A4-1D49-4D42-9295-E3B28359389A}.Release_VS2010|Any CPU.ActiveCfg = Release_VS2010|Any CPU
		{1D1EF0A4-1D49-4D42-9295-E3B28359389A}.Release_VS2010|Any CPU.Build.0 = Release_VS2010|Any CPU
		{1D1EF0A4-1D49-4D42-9295-E3B28359389A}.Release_VS2010|Mixed Platforms.ActiveCfg = Release_VS2010|Any CPU
		{1D1EF0A4-1D49-4D42-9295-E3B28359389A}.Release_VS2010|Mixed Platforms.Build.0 = Release_VS2010|Any CPU
		{1D1EF0A4-1D49-4D42-9295-E3B28359389A}.Release_VS2010|x86.ActiveCfg = Release_VS2010|Any CPU
		{1D1EF0A4-1D49-4D42-9295-E3B28359389A}.Release|Any CPU.ActiveCfg = Release|Any CPU
		{1D1EF0A4-1D49-4D42-9295-E3B28359389A}.Release|Any CPU.Build.0 = Release|Any CPU
		{1D1EF0A4-1D49-4D42-9295-E3B28359389A}.Release|Mixed Platforms.ActiveCfg = Release|Any CPU
		{1D1EF0A4-1D49-4D42-9295-E3B28359389A}.Release|Mixed Platforms.Build.0 = Release|Any CPU
		{1D1EF0A4-1D49-4D42-9295-E3B28359389A}.Release|x86.ActiveCfg = Release|Any CPU
		{1D1EF0A4-1D49-4D42-9295-E3B28359389A}.SingleImage|Any CPU.ActiveCfg = Release|Any CPU
		{1D1EF0A4-1D49-4D42-9295-E3B28359389A}.SingleImage|Any CPU.Build.0 = Release|Any CPU
		{1D1EF0A4-1D49-4D42-9295-E3B28359389A}.SingleImage|Mixed Platforms.ActiveCfg = Release|Any CPU
		{1D1EF0A4-1D49-4D42-9295-E3B28359389A}.SingleImage|Mixed Platforms.Build.0 = Release|Any CPU
		{1D1EF0A4-1D49-4D42-9295-E3B28359389A}.SingleImage|x86.ActiveCfg = Release|Any CPU
		{C0283241-07EA-447F-8CCC-7AA14F67C494}.CD_ROM|Any CPU.ActiveCfg = Release|Any CPU
		{C0283241-07EA-447F-8CCC-7AA14F67C494}.CD_ROM|Any CPU.Build.0 = Release|Any CPU
		{C0283241-07EA-447F-8CCC-7AA14F67C494}.CD_ROM|Mixed Platforms.ActiveCfg = Release|Any CPU
		{C0283241-07EA-447F-8CCC-7AA14F67C494}.CD_ROM|Mixed Platforms.Build.0 = Release|Any CPU
		{C0283241-07EA-447F-8CCC-7AA14F67C494}.CD_ROM|x86.ActiveCfg = Release|Any CPU
		{C0283241-07EA-447F-8CCC-7AA14F67C494}.Debug_VS2010|Any CPU.ActiveCfg = Debug|Any CPU
		{C0283241-07EA-447F-8CCC-7AA14F67C494}.Debug_VS2010|Any CPU.Build.0 = Debug|Any CPU
		{C0283241-07EA-447F-8CCC-7AA14F67C494}.Debug_VS2010|Mixed Platforms.ActiveCfg = Debug|Any CPU
		{C0283241-07EA-447F-8CCC-7AA14F67C494}.Debug_VS2010|Mixed Platforms.Build.0 = Debug|Any CPU
		{C0283241-07EA-447F-8CCC-7AA14F67C494}.Debug_VS2010|x86.ActiveCfg = Debug|Any CPU
		{C0283241-07EA-447F-8CCC-7AA14F67C494}.Debug|Any CPU.ActiveCfg = Debug|Any CPU
		{C0283241-07EA-447F-8CCC-7AA14F67C494}.Debug|Any CPU.Build.0 = Debug|Any CPU
		{C0283241-07EA-447F-8CCC-7AA14F67C494}.Debug|Mixed Platforms.ActiveCfg = Debug|Any CPU
		{C0283241-07EA-447F-8CCC-7AA14F67C494}.Debug|Mixed Platforms.Build.0 = Debug|Any CPU
		{C0283241-07EA-447F-8CCC-7AA14F67C494}.Debug|x86.ActiveCfg = Debug|Any CPU
		{C0283241-07EA-447F-8CCC-7AA14F67C494}.DVD-5|Any CPU.ActiveCfg = Debug|Any CPU
		{C0283241-07EA-447F-8CCC-7AA14F67C494}.DVD-5|Any CPU.Build.0 = Debug|Any CPU
		{C0283241-07EA-447F-8CCC-7AA14F67C494}.DVD-5|Mixed Platforms.ActiveCfg = Debug|Any CPU
		{C0283241-07EA-447F-8CCC-7AA14F67C494}.DVD-5|Mixed Platforms.Build.0 = Debug|Any CPU
		{C0283241-07EA-447F-8CCC-7AA14F67C494}.DVD-5|x86.ActiveCfg = Debug|Any CPU
		{C0283241-07EA-447F-8CCC-7AA14F67C494}.Release_VS2010|Any CPU.ActiveCfg = Release|Any CPU
		{C0283241-07EA-447F-8CCC-7AA14F67C494}.Release_VS2010|Any CPU.Build.0 = Release|Any CPU
		{C0283241-07EA-447F-8CCC-7AA14F67C494}.Release_VS2010|Mixed Platforms.ActiveCfg = Release|Any CPU
		{C0283241-07EA-447F-8CCC-7AA14F67C494}.Release_VS2010|Mixed Platforms.Build.0 = Release|Any CPU
		{C0283241-07EA-447F-8CCC-7AA14F67C494}.Release_VS2010|x86.ActiveCfg = Release|Any CPU
		{C0283241-07EA-447F-8CCC-7AA14F67C494}.Release|Any CPU.ActiveCfg = Release|Any CPU
		{C0283241-07EA-447F-8CCC-7AA14F67C494}.Release|Any CPU.Build.0 = Release|Any CPU
		{C0283241-07EA-447F-8CCC-7AA14F67C494}.Release|Mixed Platforms.ActiveCfg = Release|Any CPU
		{C0283241-07EA-447F-8CCC-7AA14F67C494}.Release|Mixed Platforms.Build.0 = Release|Any CPU
		{C0283241-07EA-447F-8CCC-7AA14F67C494}.Release|x86.ActiveCfg = Release|Any CPU
		{C0283241-07EA-447F-8CCC-7AA14F67C494}.SingleImage|Any CPU.ActiveCfg = Release|Any CPU
		{C0283241-07EA-447F-8CCC-7AA14F67C494}.SingleImage|Any CPU.Build.0 = Release|Any CPU
		{C0283241-07EA-447F-8CCC-7AA14F67C494}.SingleImage|Mixed Platforms.ActiveCfg = Release|Any CPU
		{C0283241-07EA-447F-8CCC-7AA14F67C494}.SingleImage|Mixed Platforms.Build.0 = Release|Any CPU
		{C0283241-07EA-447F-8CCC-7AA14F67C494}.SingleImage|x86.ActiveCfg = Release|Any CPU
		{380322A4-0408-435E-BA8D-C1A6E9F06E1D}.CD_ROM|Any CPU.ActiveCfg = CD_ROM
		{380322A4-0408-435E-BA8D-C1A6E9F06E1D}.CD_ROM|Any CPU.Build.0 = CD_ROM
		{380322A4-0408-435E-BA8D-C1A6E9F06E1D}.CD_ROM|Mixed Platforms.ActiveCfg = CD_ROM
		{380322A4-0408-435E-BA8D-C1A6E9F06E1D}.CD_ROM|Mixed Platforms.Build.0 = CD_ROM
		{380322A4-0408-435E-BA8D-C1A6E9F06E1D}.CD_ROM|x86.ActiveCfg = CD_ROM
		{380322A4-0408-435E-BA8D-C1A6E9F06E1D}.CD_ROM|x86.Build.0 = CD_ROM
		{380322A4-0408-435E-BA8D-C1A6E9F06E1D}.Debug_VS2010|Any CPU.ActiveCfg = DVD-5
		{380322A4-0408-435E-BA8D-C1A6E9F06E1D}.Debug_VS2010|Any CPU.Build.0 = DVD-5
		{380322A4-0408-435E-BA8D-C1A6E9F06E1D}.Debug_VS2010|Mixed Platforms.ActiveCfg = DVD-5
		{380322A4-0408-435E-BA8D-C1A6E9F06E1D}.Debug_VS2010|Mixed Platforms.Build.0 = DVD-5
		{380322A4-0408-435E-BA8D-C1A6E9F06E1D}.Debug_VS2010|x86.ActiveCfg = DVD-5
		{380322A4-0408-435E-BA8D-C1A6E9F06E1D}.Debug_VS2010|x86.Build.0 = DVD-5
		{380322A4-0408-435E-BA8D-C1A6E9F06E1D}.Debug|Any CPU.ActiveCfg = DVD-5
		{380322A4-0408-435E-BA8D-C1A6E9F06E1D}.Debug|Any CPU.Build.0 = DVD-5
		{380322A4-0408-435E-BA8D-C1A6E9F06E1D}.Debug|Mixed Platforms.ActiveCfg = DVD-5
		{380322A4-0408-435E-BA8D-C1A6E9F06E1D}.Debug|Mixed Platforms.Build.0 = DVD-5
		{380322A4-0408-435E-BA8D-C1A6E9F06E1D}.Debug|x86.ActiveCfg = DVD-5
		{380322A4-0408-435E-BA8D-C1A6E9F06E1D}.Debug|x86.Build.0 = DVD-5
		{380322A4-0408-435E-BA8D-C1A6E9F06E1D}.DVD-5|Any CPU.ActiveCfg = DVD-5
		{380322A4-0408-435E-BA8D-C1A6E9F06E1D}.DVD-5|Any CPU.Build.0 = DVD-5
		{380322A4-0408-435E-BA8D-C1A6E9F06E1D}.DVD-5|Mixed Platforms.ActiveCfg = DVD-5
		{380322A4-0408-435E-BA8D-C1A6E9F06E1D}.DVD-5|Mixed Platforms.Build.0 = DVD-5
		{380322A4-0408-435E-BA8D-C1A6E9F06E1D}.DVD-5|x86.ActiveCfg = DVD-5
		{380322A4-0408-435E-BA8D-C1A6E9F06E1D}.DVD-5|x86.Build.0 = DVD-5
		{380322A4-0408-435E-BA8D-C1A6E9F06E1D}.Release_VS2010|Any CPU.ActiveCfg = SingleImage
		{380322A4-0408-435E-BA8D-C1A6E9F06E1D}.Release_VS2010|Any CPU.Build.0 = SingleImage
		{380322A4-0408-435E-BA8D-C1A6E9F06E1D}.Release_VS2010|Mixed Platforms.ActiveCfg = SingleImage
		{380322A4-0408-435E-BA8D-C1A6E9F06E1D}.Release_VS2010|Mixed Platforms.Build.0 = SingleImage
		{380322A4-0408-435E-BA8D-C1A6E9F06E1D}.Release_VS2010|x86.ActiveCfg = SingleImage
		{380322A4-0408-435E-BA8D-C1A6E9F06E1D}.Release_VS2010|x86.Build.0 = SingleImage
		{380322A4-0408-435E-BA8D-C1A6E9F06E1D}.Release|Any CPU.ActiveCfg = SingleImage
		{380322A4-0408-435E-BA8D-C1A6E9F06E1D}.Release|Any CPU.Build.0 = SingleImage
		{380322A4-0408-435E-BA8D-C1A6E9F06E1D}.Release|Mixed Platforms.ActiveCfg = SingleImage
		{380322A4-0408-435E-BA8D-C1A6E9F06E1D}.Release|Mixed Platforms.Build.0 = SingleImage
		{380322A4-0408-435E-BA8D-C1A6E9F06E1D}.Release|x86.ActiveCfg = SingleImage
		{380322A4-0408-435E-BA8D-C1A6E9F06E1D}.Release|x86.Build.0 = SingleImage
		{380322A4-0408-435E-BA8D-C1A6E9F06E1D}.SingleImage|Any CPU.ActiveCfg = SingleImage
		{380322A4-0408-435E-BA8D-C1A6E9F06E1D}.SingleImage|Any CPU.Build.0 = SingleImage
		{380322A4-0408-435E-BA8D-C1A6E9F06E1D}.SingleImage|Mixed Platforms.ActiveCfg = SingleImage
		{380322A4-0408-435E-BA8D-C1A6E9F06E1D}.SingleImage|Mixed Platforms.Build.0 = SingleImage
		{380322A4-0408-435E-BA8D-C1A6E9F06E1D}.SingleImage|x86.ActiveCfg = SingleImage
		{380322A4-0408-435E-BA8D-C1A6E9F06E1D}.SingleImage|x86.Build.0 = SingleImage
		{94288E94-B44E-4644-BCA6-68FE4CBDDFD5}.CD_ROM|Any CPU.ActiveCfg = Release|Any CPU
		{94288E94-B44E-4644-BCA6-68FE4CBDDFD5}.CD_ROM|Any CPU.Build.0 = Release|Any CPU
		{94288E94-B44E-4644-BCA6-68FE4CBDDFD5}.CD_ROM|Mixed Platforms.ActiveCfg = Release|Any CPU
		{94288E94-B44E-4644-BCA6-68FE4CBDDFD5}.CD_ROM|Mixed Platforms.Build.0 = Release|Any CPU
		{94288E94-B44E-4644-BCA6-68FE4CBDDFD5}.CD_ROM|x86.ActiveCfg = Release|Any CPU
		{94288E94-B44E-4644-BCA6-68FE4CBDDFD5}.Debug_VS2010|Any CPU.ActiveCfg = Debug|Any CPU
		{94288E94-B44E-4644-BCA6-68FE4CBDDFD5}.Debug_VS2010|Any CPU.Build.0 = Debug|Any CPU
		{94288E94-B44E-4644-BCA6-68FE4CBDDFD5}.Debug_VS2010|Mixed Platforms.ActiveCfg = Debug|Any CPU
		{94288E94-B44E-4644-BCA6-68FE4CBDDFD5}.Debug_VS2010|Mixed Platforms.Build.0 = Debug|Any CPU
		{94288E94-B44E-4644-BCA6-68FE4CBDDFD5}.Debug_VS2010|x86.ActiveCfg = Debug|Any CPU
		{94288E94-B44E-4644-BCA6-68FE4CBDDFD5}.Debug|Any CPU.ActiveCfg = Debug|Any CPU
		{94288E94-B44E-4644-BCA6-68FE4CBDDFD5}.Debug|Any CPU.Build.0 = Debug|Any CPU
		{94288E94-B44E-4644-BCA6-68FE4CBDDFD5}.Debug|Mixed Platforms.ActiveCfg = Debug|Any CPU
		{94288E94-B44E-4644-BCA6-68FE4CBDDFD5}.Debug|Mixed Platforms.Build.0 = Debug|Any CPU
		{94288E94-B44E-4644-BCA6-68FE4CBDDFD5}.Debug|x86.ActiveCfg = Debug|Any CPU
		{94288E94-B44E-4644-BCA6-68FE4CBDDFD5}.DVD-5|Any CPU.ActiveCfg = Debug|Any CPU
		{94288E94-B44E-4644-BCA6-68FE4CBDDFD5}.DVD-5|Any CPU.Build.0 = Debug|Any CPU
		{94288E94-B44E-4644-BCA6-68FE4CBDDFD5}.DVD-5|Mixed Platforms.ActiveCfg = Debug|Any CPU
		{94288E94-B44E-4644-BCA6-68FE4CBDDFD5}.DVD-5|Mixed Platforms.Build.0 = Debug|Any CPU
		{94288E94-B44E-4644-BCA6-68FE4CBDDFD5}.DVD-5|x86.ActiveCfg = Debug|Any CPU
		{94288E94-B44E-4644-BCA6-68FE4CBDDFD5}.Release_VS2010|Any CPU.ActiveCfg = Release|Any CPU
		{94288E94-B44E-4644-BCA6-68FE4CBDDFD5}.Release_VS2010|Any CPU.Build.0 = Release|Any CPU
		{94288E94-B44E-4644-BCA6-68FE4CBDDFD5}.Release_VS2010|Mixed Platforms.ActiveCfg = Release|Any CPU
		{94288E94-B44E-4644-BCA6-68FE4CBDDFD5}.Release_VS2010|Mixed Platforms.Build.0 = Release|Any CPU
		{94288E94-B44E-4644-BCA6-68FE4CBDDFD5}.Release_VS2010|x86.ActiveCfg = Release|Any CPU
		{94288E94-B44E-4644-BCA6-68FE4CBDDFD5}.Release|Any CPU.ActiveCfg = Release|Any CPU
		{94288E94-B44E-4644-BCA6-68FE4CBDDFD5}.Release|Any CPU.Build.0 = Release|Any CPU
		{94288E94-B44E-4644-BCA6-68FE4CBDDFD5}.Release|Mixed Platforms.ActiveCfg = Release|Any CPU
		{94288E94-B44E-4644-BCA6-68FE4CBDDFD5}.Release|Mixed Platforms.Build.0 = Release|Any CPU
		{94288E94-B44E-4644-BCA6-68FE4CBDDFD5}.Release|x86.ActiveCfg = Release|Any CPU
		{94288E94-B44E-4644-BCA6-68FE4CBDDFD5}.SingleImage|Any CPU.ActiveCfg = Release|Any CPU
		{94288E94-B44E-4644-BCA6-68FE4CBDDFD5}.SingleImage|Any CPU.Build.0 = Release|Any CPU
		{94288E94-B44E-4644-BCA6-68FE4CBDDFD5}.SingleImage|Mixed Platforms.ActiveCfg = Release|Any CPU
		{94288E94-B44E-4644-BCA6-68FE4CBDDFD5}.SingleImage|Mixed Platforms.Build.0 = Release|Any CPU
		{94288E94-B44E-4644-BCA6-68FE4CBDDFD5}.SingleImage|x86.ActiveCfg = Release|Any CPU
		{7F988DDA-955F-42F2-82EB-D6058FB7FF75}.CD_ROM|Any CPU.ActiveCfg = Release|Any CPU
		{7F988DDA-955F-42F2-82EB-D6058FB7FF75}.CD_ROM|Any CPU.Build.0 = Release|Any CPU
		{7F988DDA-955F-42F2-82EB-D6058FB7FF75}.CD_ROM|Mixed Platforms.ActiveCfg = Release|Any CPU
		{7F988DDA-955F-42F2-82EB-D6058FB7FF75}.CD_ROM|Mixed Platforms.Build.0 = Release|Any CPU
		{7F988DDA-955F-42F2-82EB-D6058FB7FF75}.CD_ROM|x86.ActiveCfg = Release|Any CPU
		{7F988DDA-955F-42F2-82EB-D6058FB7FF75}.Debug_VS2010|Any CPU.ActiveCfg = Debug|Any CPU
		{7F988DDA-955F-42F2-82EB-D6058FB7FF75}.Debug_VS2010|Any CPU.Build.0 = Debug|Any CPU
		{7F988DDA-955F-42F2-82EB-D6058FB7FF75}.Debug_VS2010|Mixed Platforms.ActiveCfg = Debug|Any CPU
		{7F988DDA-955F-42F2-82EB-D6058FB7FF75}.Debug_VS2010|Mixed Platforms.Build.0 = Debug|Any CPU
		{7F988DDA-955F-42F2-82EB-D6058FB7FF75}.Debug_VS2010|x86.ActiveCfg = Debug|Any CPU
		{7F988DDA-955F-42F2-82EB-D6058FB7FF75}.Debug|Any CPU.ActiveCfg = Debug|Any CPU
		{7F988DDA-955F-42F2-82EB-D6058FB7FF75}.Debug|Any CPU.Build.0 = Debug|Any CPU
		{7F988DDA-955F-42F2-82EB-D6058FB7FF75}.Debug|Mixed Platforms.ActiveCfg = Debug|Any CPU
		{7F988DDA-955F-42F2-82EB-D6058FB7FF75}.Debug|Mixed Platforms.Build.0 = Debug|Any CPU
		{7F988DDA-955F-42F2-82EB-D6058FB7FF75}.Debug|x86.ActiveCfg = Debug|Any CPU
		{7F988DDA-955F-42F2-82EB-D6058FB7FF75}.DVD-5|Any CPU.ActiveCfg = Debug|Any CPU
		{7F988DDA-955F-42F2-82EB-D6058FB7FF75}.DVD-5|Any CPU.Build.0 = Debug|Any CPU
		{7F988DDA-955F-42F2-82EB-D6058FB7FF75}.DVD-5|Mixed Platforms.ActiveCfg = Debug|Any CPU
		{7F988DDA-955F-42F2-82EB-D6058FB7FF75}.DVD-5|Mixed Platforms.Build.0 = Debug|Any CPU
		{7F988DDA-955F-42F2-82EB-D6058FB7FF75}.DVD-5|x86.ActiveCfg = Debug|Any CPU
		{7F988DDA-955F-42F2-82EB-D6058FB7FF75}.Release_VS2010|Any CPU.ActiveCfg = Release|Any CPU
		{7F988DDA-955F-42F2-82EB-D6058FB7FF75}.Release_VS2010|Any CPU.Build.0 = Release|Any CPU
		{7F988DDA-955F-42F2-82EB-D6058FB7FF75}.Release_VS2010|Mixed Platforms.ActiveCfg = Release|Any CPU
		{7F988DDA-955F-42F2-82EB-D6058FB7FF75}.Release_VS2010|Mixed Platforms.Build.0 = Release|Any CPU
		{7F988DDA-955F-42F2-82EB-D6058FB7FF75}.Release_VS2010|x86.ActiveCfg = Release|Any CPU
		{7F988DDA-955F-42F2-82EB-D6058FB7FF75}.Release|Any CPU.ActiveCfg = Release|Any CPU
		{7F988DDA-955F-42F2-82EB-D6058FB7FF75}.Release|Any CPU.Build.0 = Release|Any CPU
		{7F988DDA-955F-42F2-82EB-D6058FB7FF75}.Release|Mixed Platforms.ActiveCfg = Release|Any CPU
		{7F988DDA-955F-42F2-82EB-D6058FB7FF75}.Release|Mixed Platforms.Build.0 = Release|Any CPU
		{7F988DDA-955F-42F2-82EB-D6058FB7FF75}.Release|x86.ActiveCfg = Release|Any CPU
		{7F988DDA-955F-42F2-82EB-D6058FB7FF75}.SingleImage|Any CPU.ActiveCfg = Release|Any CPU
		{7F988DDA-955F-42F2-82EB-D6058FB7FF75}.SingleImage|Any CPU.Build.0 = Release|Any CPU
		{7F988DDA-955F-42F2-82EB-D6058FB7FF75}.SingleImage|Mixed Platforms.ActiveCfg = Release|Any CPU
		{7F988DDA-955F-42F2-82EB-D6058FB7FF75}.SingleImage|Mixed Platforms.Build.0 = Release|Any CPU
		{7F988DDA-955F-42F2-82EB-D6058FB7FF75}.SingleImage|x86.ActiveCfg = Release|Any CPU
	EndGlobalSection
	GlobalSection(SolutionProperties) = preSolution
		HideSolutionNode = FALSE
	EndGlobalSection
	GlobalSection(ExtensibilityGlobals) = postSolution
		VisualSVNWorkingCopyRoot = .
	EndGlobalSection
EndGlobal
